// !$*UTF8*$!
{
	archiveVersion = 1;
	classes = {
	};
	objectVersion = 46;
	objects = {

/* Begin PBXBuildFile section */
		46AE235D8DBCE0041E6E9F72 /* matrices.cc in Sources */ = {isa = PBXBuildFile; fileRef = 46AE268282A4EAD429CE8108 /* matrices.cc */; };
		46AE272F1125B48082EE19FA /* vectors.cc in Sources */ = {isa = PBXBuildFile; fileRef = 46AE264F3EC94ECD7B499A4F /* vectors.cc */; };
		46AE274A5515C669DEDA36AA /* global_consts.cc in Sources */ = {isa = PBXBuildFile; fileRef = 46AE23C09E1BFE25D1DF8642 /* global_consts.cc */; };
/* End PBXBuildFile section */

/* Begin PBXCopyFilesBuildPhase section */
		A9C64AEE1D65AF58008FCBA8 /* CopyFiles */ = {
			isa = PBXCopyFilesBuildPhase;
			buildActionMask = 2147483647;
			dstPath = "include/$(PRODUCT_NAME)";
			dstSubfolderSpec = 16;
			files = (
			);
			runOnlyForDeploymentPostprocessing = 0;
		};
/* End PBXCopyFilesBuildPhase section */

/* Begin PBXFileReference section */
		46AE200E45AF34375340F2C8 /* matrix_config.h */ = {isa = PBXFileReference; fileEncoding = 4; lastKnownFileType = sourcecode.c.h; path = matrix_config.h; sourceTree = "<group>"; };
		46AE23C09E1BFE25D1DF8642 /* global_consts.cc */ = {isa = PBXFileReference; fileEncoding = 4; lastKnownFileType = sourcecode.cpp.cpp; path = global_consts.cc; sourceTree = "<group>"; };
		46AE23C3439413D724FC2455 /* vectors.h */ = {isa = PBXFileReference; fileEncoding = 4; lastKnownFileType = sourcecode.c.h; path = vectors.h; sourceTree = "<group>"; };
		46AE2522A123BDBF68B3D861 /* vectors_inline.h */ = {isa = PBXFileReference; fileEncoding = 4; lastKnownFileType = sourcecode.c.h; path = vectors_inline.h; sourceTree = "<group>"; };
		46AE25A491F291DFE790FB96 /* matrix_debug.h */ = {isa = PBXFileReference; fileEncoding = 4; lastKnownFileType = sourcecode.c.h; path = matrix_debug.h; sourceTree = "<group>"; };
		46AE264F3EC94ECD7B499A4F /* vectors.cc */ = {isa = PBXFileReference; fileEncoding = 4; lastKnownFileType = sourcecode.cpp.cpp; path = vectors.cc; sourceTree = "<group>"; };
		46AE268282A4EAD429CE8108 /* matrices.cc */ = {isa = PBXFileReference; fileEncoding = 4; lastKnownFileType = sourcecode.cpp.cpp; path = matrices.cc; sourceTree = "<group>"; };
		46AE27AC6FC7701DDD914CF9 /* global_consts.h */ = {isa = PBXFileReference; fileEncoding = 4; lastKnownFileType = sourcecode.c.h; path = global_consts.h; sourceTree = "<group>"; };
		46AE2DA1965DA8344101DCB6 /* matrices_inline.h */ = {isa = PBXFileReference; fileEncoding = 4; lastKnownFileType = sourcecode.c.h; path = matrices_inline.h; sourceTree = "<group>"; };
		46AE2EACCA9153EBE6AE6664 /* matrices.h */ = {isa = PBXFileReference; fileEncoding = 4; lastKnownFileType = sourcecode.c.h; path = matrices.h; sourceTree = "<group>"; };
		A9C64AF01D65AF58008FCBA8 /* libmatrix.a */ = {isa = PBXFileReference; explicitFileType = archive.ar; includeInIndex = 0; path = libmatrix.a; sourceTree = BUILT_PRODUCTS_DIR; };
/* End PBXFileReference section */

/* Begin PBXFrameworksBuildPhase section */
		A9C64AED1D65AF58008FCBA8 /* Frameworks */ = {
			isa = PBXFrameworksBuildPhase;
			buildActionMask = 2147483647;
			files = (
			);
			runOnlyForDeploymentPostprocessing = 0;
		};
/* End PBXFrameworksBuildPhase section */

/* Begin PBXGroup section */
		A9C64AE71D65AF58008FCBA8 = {
			isa = PBXGroup;
			children = (
				A9C64AF11D65AF58008FCBA8 /* Products */,
				46AE2EACCA9153EBE6AE6664 /* matrices.h */,
				46AE23C3439413D724FC2455 /* vectors.h */,
				46AE200E45AF34375340F2C8 /* matrix_config.h */,
				46AE2522A123BDBF68B3D861 /* vectors_inline.h */,
				46AE23C09E1BFE25D1DF8642 /* global_consts.cc */,
				46AE27AC6FC7701DDD914CF9 /* global_consts.h */,
				46AE264F3EC94ECD7B499A4F /* vectors.cc */,
				46AE268282A4EAD429CE8108 /* matrices.cc */,
				46AE2DA1965DA8344101DCB6 /* matrices_inline.h */,
				46AE25A491F291DFE790FB96 /* matrix_debug.h */,
			);
			sourceTree = "<group>";
		};
		A9C64AF11D65AF58008FCBA8 /* Products */ = {
			isa = PBXGroup;
			children = (
				A9C64AF01D65AF58008FCBA8 /* libmatrix.a */,
			);
			name = Products;
			sourceTree = "<group>";
		};
/* End PBXGroup section */

/* Begin PBXNativeTarget section */
		A9C64AEF1D65AF58008FCBA8 /* matrix */ = {
			isa = PBXNativeTarget;
			buildConfigurationList = A9C64AF91D65AF58008FCBA8 /* Build configuration list for PBXNativeTarget "matrix" */;
			buildPhases = (
				A9C64AEC1D65AF58008FCBA8 /* Sources */,
				A9C64AED1D65AF58008FCBA8 /* Frameworks */,
				A9C64AEE1D65AF58008FCBA8 /* CopyFiles */,
			);
			buildRules = (
			);
			dependencies = (
			);
			name = matrix;
			productName = matrix;
			productReference = A9C64AF01D65AF58008FCBA8 /* libmatrix.a */;
			productType = "com.apple.product-type.library.static";
		};
/* End PBXNativeTarget section */

/* Begin PBXProject section */
		A9C64AE81D65AF58008FCBA8 /* Project object */ = {
			isa = PBXProject;
			attributes = {
				LastUpgradeCheck = 0730;
				ORGANIZATIONNAME = LLX;
				TargetAttributes = {
					A9C64AEF1D65AF58008FCBA8 = {
						CreatedOnToolsVersion = 7.3.1;
					};
				};
			};
			buildConfigurationList = A9C64AEB1D65AF58008FCBA8 /* Build configuration list for PBXProject "matrix" */;
			compatibilityVersion = "Xcode 3.2";
			developmentRegion = English;
			hasScannedForEncodings = 0;
			knownRegions = (
				en,
			);
			mainGroup = A9C64AE71D65AF58008FCBA8;
			productRefGroup = A9C64AF11D65AF58008FCBA8 /* Products */;
			projectDirPath = "";
			projectRoot = "";
			targets = (
				A9C64AEF1D65AF58008FCBA8 /* matrix */,
			);
		};
/* End PBXProject section */

/* Begin PBXSourcesBuildPhase section */
		A9C64AEC1D65AF58008FCBA8 /* Sources */ = {
			isa = PBXSourcesBuildPhase;
			buildActionMask = 2147483647;
			files = (
				46AE274A5515C669DEDA36AA /* global_consts.cc in Sources */,
				46AE272F1125B48082EE19FA /* vectors.cc in Sources */,
				46AE235D8DBCE0041E6E9F72 /* matrices.cc in Sources */,
			);
			runOnlyForDeploymentPostprocessing = 0;
		};
/* End PBXSourcesBuildPhase section */

/* Begin XCBuildConfiguration section */
		A9C64AF71D65AF58008FCBA8 /* Debug */ = {
			isa = XCBuildConfiguration;
			buildSettings = {
				ALWAYS_SEARCH_USER_PATHS = NO;
				CLANG_ANALYZER_NONNULL = YES;
				CLANG_CXX_LANGUAGE_STANDARD = "gnu++0x";
				CLANG_CXX_LIBRARY = "libc++";
				CLANG_ENABLE_MODULES = YES;
				CLANG_ENABLE_OBJC_ARC = YES;
				CLANG_WARN_BOOL_CONVERSION = YES;
				CLANG_WARN_CONSTANT_CONVERSION = YES;
				CLANG_WARN_DIRECT_OBJC_ISA_USAGE = YES_ERROR;
				CLANG_WARN_EMPTY_BODY = YES;
				CLANG_WARN_ENUM_CONVERSION = YES;
				CLANG_WARN_INT_CONVERSION = YES;
				CLANG_WARN_OBJC_ROOT_CLASS = YES_ERROR;
				CLANG_WARN_UNREACHABLE_CODE = YES;
				CLANG_WARN__DUPLICATE_METHOD_MATCH = YES;
				"CODE_SIGN_IDENTITY[sdk=iphoneos*]" = "iPhone Developer";
				COPY_PHASE_STRIP = NO;
				DEBUG_INFORMATION_FORMAT = dwarf;
				ENABLE_STRICT_OBJC_MSGSEND = YES;
				ENABLE_TESTABILITY = YES;
				GCC_C_LANGUAGE_STANDARD = gnu99;
				GCC_DYNAMIC_NO_PIC = NO;
				GCC_NO_COMMON_BLOCKS = YES;
				GCC_OPTIMIZATION_LEVEL = 0;
				GCC_PREPROCESSOR_DEFINITIONS = (
					"DEBUG=1",
					"$(inherited)",
				);
				GCC_WARN_64_TO_32_BIT_CONVERSION = YES;
				GCC_WARN_ABOUT_RETURN_TYPE = YES_ERROR;
				GCC_WARN_UNDECLARED_SELECTOR = YES;
				GCC_WARN_UNINITIALIZED_AUTOS = YES_AGGRESSIVE;
				GCC_WARN_UNUSED_FUNCTION = YES;
				GCC_WARN_UNUSED_VARIABLE = YES;
				IPHONEOS_DEPLOYMENT_TARGET = 8.0;
				MTL_ENABLE_DEBUG_INFO = YES;
				ONLY_ACTIVE_ARCH = YES;
				SDKROOT = iphoneos;
			};
			name = Debug;
		};
		A9C64AF81D65AF58008FCBA8 /* Release */ = {
			isa = XCBuildConfiguration;
			buildSettings = {
				ALWAYS_SEARCH_USER_PATHS = NO;
				CLANG_ANALYZER_NONNULL = YES;
				CLANG_CXX_LANGUAGE_STANDARD = "gnu++0x";
				CLANG_CXX_LIBRARY = "libc++";
				CLANG_ENABLE_MODULES = YES;
				CLANG_ENABLE_OBJC_ARC = YES;
				CLANG_WARN_BOOL_CONVERSION = YES;
				CLANG_WARN_CONSTANT_CONVERSION = YES;
				CLANG_WARN_DIRECT_OBJC_ISA_USAGE = YES_ERROR;
				CLANG_WARN_EMPTY_BODY = YES;
				CLANG_WARN_ENUM_CONVERSION = YES;
				CLANG_WARN_INT_CONVERSION = YES;
				CLANG_WARN_OBJC_ROOT_CLASS = YES_ERROR;
				CLANG_WARN_UNREACHABLE_CODE = YES;
				CLANG_WARN__DUPLICATE_METHOD_MATCH = YES;
				"CODE_SIGN_IDENTITY[sdk=iphoneos*]" = "iPhone Developer";
				COPY_PHASE_STRIP = NO;
				DEBUG_INFORMATION_FORMAT = "dwarf-with-dsym";
				ENABLE_NS_ASSERTIONS = NO;
				ENABLE_STRICT_OBJC_MSGSEND = YES;
				GCC_C_LANGUAGE_STANDARD = gnu99;
				GCC_NO_COMMON_BLOCKS = YES;
				GCC_WARN_64_TO_32_BIT_CONVERSION = YES;
				GCC_WARN_ABOUT_RETURN_TYPE = YES_ERROR;
				GCC_WARN_UNDECLARED_SELECTOR = YES;
				GCC_WARN_UNINITIALIZED_AUTOS = YES_AGGRESSIVE;
				GCC_WARN_UNUSED_FUNCTION = YES;
				GCC_WARN_UNUSED_VARIABLE = YES;
				IPHONEOS_DEPLOYMENT_TARGET = 8.0;
				MTL_ENABLE_DEBUG_INFO = NO;
				SDKROOT = iphoneos;
				VALIDATE_PRODUCT = YES;
			};
			name = Release;
		};
		A9C64AFA1D65AF58008FCBA8 /* Debug */ = {
			isa = XCBuildConfiguration;
			buildSettings = {
				OTHER_LDFLAGS = "-ObjC";
				PRODUCT_NAME = "$(TARGET_NAME)";
				SKIP_INSTALL = YES;
			};
			name = Debug;
		};
		A9C64AFB1D65AF58008FCBA8 /* Release */ = {
			isa = XCBuildConfiguration;
			buildSettings = {
				OTHER_LDFLAGS = "-ObjC";
				PRODUCT_NAME = "$(TARGET_NAME)";
				SKIP_INSTALL = YES;
			};
			name = Release;
		};
/* End XCBuildConfiguration section */

/* Begin XCConfigurationList section */
		A9C64AEB1D65AF58008FCBA8 /* Build configuration list for PBXProject "matrix" */ = {
			isa = XCConfigurationList;
			buildConfigurations = (
				A9C64AF71D65AF58008FCBA8 /* Debug */,
				A9C64AF81D65AF58008FCBA8 /* Release */,
			);
			defaultConfigurationIsVisible = 0;
			defaultConfigurationName = Release;
		};
		A9C64AF91D65AF58008FCBA8 /* Build configuration list for PBXNativeTarget "matrix" */ = {
			isa = XCConfigurationList;
			buildConfigurations = (
				A9C64AFA1D65AF58008FCBA8 /* Debug */,
				A9C64AFB1D65AF58008FCBA8 /* Release */,
			);
			defaultConfigurationIsVisible = 0;
			defaultConfigurationName = Release;
		};
/* End XCConfigurationList section */
	};
	rootObject = A9C64AE81D65AF58008FCBA8 /* Project object */;
}
